
Microsoft Visual Studio Solution File, Format Version 12.00
# Visual Studio Version 17
VisualStudioVersion = 17.11.35312.102
MinimumVisualStudioVersion = 10.0.40219.1
Project("{9A19103F-16F7-4668-BE54-9A1E7A4F7556}") = "Ophthalmologist.API", "Ophthalmologist\Ophthalmologist.API.csproj", "{C2DF389A-27E7-40AC-8E8E-EE40724B6D80}"
EndProject
Project("{9A19103F-16F7-4668-BE54-9A1E7A4F7556}") = "UnitTests", "UnitTests\UnitTests.csproj", "{49AC0445-F2E1-432C-ABEA-F023A7420930}"
EndProject
Project("{FAE04EC0-301F-11D3-BF4B-00C04F79EFBC}") = "Ophthalmologist.Data", "Ophthalmologist.Data\Ophthalmologist.Data.csproj", "{37AC66AC-1A5F-4ED4-A947-3349DDBBF9CE}"
EndProject
Project("{FAE04EC0-301F-11D3-BF4B-00C04F79EFBC}") = "Ophthalmologist.Core", "Ophthalmologist.Core\Ophthalmologist.Core.csproj", "{BE92000D-2644-416A-B233-8142C82A1F3A}"
EndProject
Project("{FAE04EC0-301F-11D3-BF4B-00C04F79EFBC}") = "Ophthalmologist.Service", "Ophthalmologist.Service\Ophthalmologist.Service.csproj", "{1AC1C841-13CE-4B19-A5A1-15712960B408}"
EndProject
Global
	GlobalSection(SolutionConfigurationPlatforms) = preSolution
		Debug|Any CPU = Debug|Any CPU
		Release|Any CPU = Release|Any CPU
	EndGlobalSection
	GlobalSection(ProjectConfigurationPlatforms) = postSolution
		{C2DF389A-27E7-40AC-8E8E-EE40724B6D80}.Debug|Any CPU.ActiveCfg = Debug|Any CPU
		{C2DF389A-27E7-40AC-8E8E-EE40724B6D80}.Debug|Any CPU.Build.0 = Debug|Any CPU
		{C2DF389A-27E7-40AC-8E8E-EE40724B6D80}.Release|Any CPU.ActiveCfg = Release|Any CPU
		{C2DF389A-27E7-40AC-8E8E-EE40724B6D80}.Release|Any CPU.Build.0 = Release|Any CPU
		{49AC0445-F2E1-432C-ABEA-F023A7420930}.Debug|Any CPU.ActiveCfg = Debug|Any CPU
		{49AC0445-F2E1-432C-ABEA-F023A7420930}.Debug|Any CPU.Build.0 = Debug|Any CPU
		{49AC0445-F2E1-432C-ABEA-F023A7420930}.Release|Any CPU.ActiveCfg = Release|Any CPU
		{49AC0445-F2E1-432C-ABEA-F023A7420930}.Release|Any CPU.Build.0 = Release|Any CPU
		{37AC66AC-1A5F-4ED4-A947-3349DDBBF9CE}.Debug|Any CPU.ActiveCfg = Debug|Any CPU
		{37AC66AC-1A5F-4ED4-A947-3349DDBBF9CE}.Debug|Any CPU.Build.0 = Debug|Any CPU
		{37AC66AC-1A5F-4ED4-A947-3349DDBBF9CE}.Release|Any CPU.ActiveCfg = Release|Any CPU
		{37AC66AC-1A5F-4ED4-A947-3349DDBBF9CE}.Release|Any CPU.Build.0 = Release|Any CPU
		{BE92000D-2644-416A-B233-8142C82A1F3A}.Debug|Any CPU.ActiveCfg = Debug|Any CPU
		{BE92000D-2644-416A-B233-8142C82A1F3A}.Debug|Any CPU.Build.0 = Debug|Any CPU
		{BE92000D-2644-416A-B233-8142C82A1F3A}.Release|Any CPU.ActiveCfg = Release|Any CPU
		{BE92000D-2644-416A-B233-8142C82A1F3A}.Release|Any CPU.Build.0 = Release|Any CPU
		{1AC1C841-13CE-4B19-A5A1-15712960B408}.Debug|Any CPU.ActiveCfg = Debug|Any CPU
		{1AC1C841-13CE-4B19-A5A1-15712960B408}.Debug|Any CPU.Build.0 = Debug|Any CPU
		{1AC1C841-13CE-4B19-A5A1-15712960B408}.Release|Any CPU.ActiveCfg = Release|Any CPU
		{1AC1C841-13CE-4B19-A5A1-15712960B408}.Release|Any CPU.Build.0 = Release|Any CPU
	EndGlobalSection
	GlobalSection(SolutionProperties) = preSolution
		HideSolutionNode = FALSE
	EndGlobalSection
	GlobalSection(ExtensibilityGlobals) = postSolution
		SolutionGuid = {B595D454-7592-4FC6-A819-3FE8568860E7}
	EndGlobalSection
EndGlobal
